Microsoft Visual Studio Solution File, Format Version 12.00
# Visual Studio 15
VisualStudioVersion = 15.0.26124.0
MinimumVisualStudioVersion = 15.0.26124.0
Project("{9A19103F-16F7-4668-BE54-9A1E7A4F7556}") = "StrategyPattern", "StrategyPattern\StrategyPattern.csproj", "{4F333019-0B7C-49E5-B815-8F1A32B5F795}"
EndProject
Project("{9A19103F-16F7-4668-BE54-9A1E7A4F7556}") = "ObserverPattern", "ObserverPattern\ObserverPattern.csproj", "{97F9DB48-1722-4756-A38A-769C24175A7A}"
EndProject
Project("{9A19103F-16F7-4668-BE54-9A1E7A4F7556}") = "DecoratorPattern", "DecoratorPattern\DecoratorPattern.csproj", "{F1C20F50-0C81-4BD0-AB63-18D2DC7F1897}"
EndProject
Project("{9A19103F-16F7-4668-BE54-9A1E7A4F7556}") = "SimpleFactory", "SimpleFactory\SimpleFactory.csproj", "{8F00DE3F-47F8-4BDC-85D1-81E49B53E213}"
EndProject
Project("{9A19103F-16F7-4668-BE54-9A1E7A4F7556}") = "FactoryMethodPattern", "FactoryMethodPattern\FactoryMethodPattern.csproj", "{62297122-BA8F-4CAA-9787-B9BE1A516277}"
EndProject
Project("{9A19103F-16F7-4668-BE54-9A1E7A4F7556}") = "AbstractFactoryPattern", "AbstractFactoryPattern\AbstractFactoryPattern.csproj", "{97BB4D8D-8621-4B08-806B-900CBE8E2AAA}"
EndProject
Project("{9A19103F-16F7-4668-BE54-9A1E7A4F7556}") = "SingletonPattern", "SingletonPattern\SingletonPattern.csproj", "{C3CBD21C-7CFA-449E-84F3-EE9A854A10C8}"
EndProject
Project("{9A19103F-16F7-4668-BE54-9A1E7A4F7556}") = "CommandPattern", "CommandPattern\CommandPattern.csproj", "{33D47403-7F7A-41E1-8DA7-E0B253FF5CB8}"
EndProject
Project("{9A19103F-16F7-4668-BE54-9A1E7A4F7556}") = "AdapterPattern", "AdapterPattern\AdapterPattern.csproj", "{F135E211-A746-4E53-BAEB-AA0815C08BCC}"
EndProject
Project("{9A19103F-16F7-4668-BE54-9A1E7A4F7556}") = "FacadePattern", "FacadePattern\FacadePattern.csproj", "{22900D56-D39C-45DE-9E75-A73A439F35DF}"
EndProject
Project("{9A19103F-16F7-4668-BE54-9A1E7A4F7556}") = "TemplateMethodPattern", "TemplateMethodPattern\TemplateMethodPattern.csproj", "{1871F799-B756-45C9-AC5C-4253ED991B86}"
EndProject
Project("{9A19103F-16F7-4668-BE54-9A1E7A4F7556}") = "IteratorPattern", "IteratorPattern\IteratorPattern.csproj", "{0244BA74-37C9-4FBE-848A-48FCFDD9E3EC}"
EndProject
Project("{9A19103F-16F7-4668-BE54-9A1E7A4F7556}") = "CompositePattern", "CompositePattern\CompositePattern.csproj", "{C9BAB043-D55C-418C-87AF-C465645514E1}"
EndProject
Project("{FAE04EC0-301F-11D3-BF4B-00C04F79EFBC}") = "StatePattern", "StatePattern\StatePattern.csproj", "{EA09F1B5-074C-4B0B-8194-3F34BCE962CE}"
EndProject
Global
	GlobalSection(SolutionConfigurationPlatforms) = preSolution
		Debug|Any CPU = Debug|Any CPU
		Debug|x64 = Debug|x64
		Debug|x86 = Debug|x86
		Release|Any CPU = Release|Any CPU
		Release|x64 = Release|x64
		Release|x86 = Release|x86
	EndGlobalSection
	GlobalSection(ProjectConfigurationPlatforms) = postSolution
		{4F333019-0B7C-49E5-B815-8F1A32B5F795}.Debug|Any CPU.ActiveCfg = Debug|Any CPU
		{4F333019-0B7C-49E5-B815-8F1A32B5F795}.Debug|Any CPU.Build.0 = Debug|Any CPU
		{4F333019-0B7C-49E5-B815-8F1A32B5F795}.Debug|x64.ActiveCfg = Debug|Any CPU
		{4F333019-0B7C-49E5-B815-8F1A32B5F795}.Debug|x64.Build.0 = Debug|Any CPU
		{4F333019-0B7C-49E5-B815-8F1A32B5F795}.Debug|x86.ActiveCfg = Debug|Any CPU
		{4F333019-0B7C-49E5-B815-8F1A32B5F795}.Debug|x86.Build.0 = Debug|Any CPU
		{4F333019-0B7C-49E5-B815-8F1A32B5F795}.Release|Any CPU.ActiveCfg = Release|Any CPU
		{4F333019-0B7C-49E5-B815-8F1A32B5F795}.Release|Any CPU.Build.0 = Release|Any CPU
		{4F333019-0B7C-49E5-B815-8F1A32B5F795}.Release|x64.ActiveCfg = Release|Any CPU
		{4F333019-0B7C-49E5-B815-8F1A32B5F795}.Release|x64.Build.0 = Release|Any CPU
		{4F333019-0B7C-49E5-B815-8F1A32B5F795}.Release|x86.ActiveCfg = Release|Any CPU
		{4F333019-0B7C-49E5-B815-8F1A32B5F795}.Release|x86.Build.0 = Release|Any CPU
		{97F9DB48-1722-4756-A38A-769C24175A7A}.Debug|Any CPU.ActiveCfg = Debug|Any CPU
		{97F9DB48-1722-4756-A38A-769C24175A7A}.Debug|Any CPU.Build.0 = Debug|Any CPU
		{97F9DB48-1722-4756-A38A-769C24175A7A}.Debug|x64.ActiveCfg = Debug|Any CPU
		{97F9DB48-1722-4756-A38A-769C24175A7A}.Debug|x64.Build.0 = Debug|Any CPU
		{97F9DB48-1722-4756-A38A-769C24175A7A}.Debug|x86.ActiveCfg = Debug|Any CPU
		{97F9DB48-1722-4756-A38A-769C24175A7A}.Debug|x86.Build.0 = Debug|Any CPU
		{97F9DB48-1722-4756-A38A-769C24175A7A}.Release|Any CPU.ActiveCfg = Release|Any CPU
		{97F9DB48-1722-4756-A38A-769C24175A7A}.Release|Any CPU.Build.0 = Release|Any CPU
		{97F9DB48-1722-4756-A38A-769C24175A7A}.Release|x64.ActiveCfg = Release|Any CPU
		{97F9DB48-1722-4756-A38A-769C24175A7A}.Release|x64.Build.0 = Release|Any CPU
		{97F9DB48-1722-4756-A38A-769C24175A7A}.Release|x86.ActiveCfg = Release|Any CPU
		{97F9DB48-1722-4756-A38A-769C24175A7A}.Release|x86.Build.0 = Release|Any CPU
		{F1C20F50-0C81-4BD0-AB63-18D2DC7F1897}.Debug|Any CPU.ActiveCfg = Debug|Any CPU
		{F1C20F50-0C81-4BD0-AB63-18D2DC7F1897}.Debug|Any CPU.Build.0 = Debug|Any CPU
		{F1C20F50-0C81-4BD0-AB63-18D2DC7F1897}.Debug|x64.ActiveCfg = Debug|Any CPU
		{F1C20F50-0C81-4BD0-AB63-18D2DC7F1897}.Debug|x64.Build.0 = Debug|Any CPU
		{F1C20F50-0C81-4BD0-AB63-18D2DC7F1897}.Debug|x86.ActiveCfg = Debug|Any CPU
		{F1C20F50-0C81-4BD0-AB63-18D2DC7F1897}.Debug|x86.Build.0 = Debug|Any CPU
		{F1C20F50-0C81-4BD0-AB63-18D2DC7F1897}.Release|Any CPU.ActiveCfg = Release|Any CPU
		{F1C20F50-0C81-4BD0-AB63-18D2DC7F1897}.Release|Any CPU.Build.0 = Release|Any CPU
		{F1C20F50-0C81-4BD0-AB63-18D2DC7F1897}.Release|x64.ActiveCfg = Release|Any CPU
		{F1C20F50-0C81-4BD0-AB63-18D2DC7F1897}.Release|x64.Build.0 = Release|Any CPU
		{F1C20F50-0C81-4BD0-AB63-18D2DC7F1897}.Release|x86.ActiveCfg = Release|Any CPU
		{F1C20F50-0C81-4BD0-AB63-18D2DC7F1897}.Release|x86.Build.0 = Release|Any CPU
		{8F00DE3F-47F8-4BDC-85D1-81E49B53E213}.Debug|Any CPU.ActiveCfg = Debug|Any CPU
		{8F00DE3F-47F8-4BDC-85D1-81E49B53E213}.Debug|Any CPU.Build.0 = Debug|Any CPU
		{8F00DE3F-47F8-4BDC-85D1-81E49B53E213}.Debug|x64.ActiveCfg = Debug|Any CPU
		{8F00DE3F-47F8-4BDC-85D1-81E49B53E213}.Debug|x64.Build.0 = Debug|Any CPU
		{8F00DE3F-47F8-4BDC-85D1-81E49B53E213}.Debug|x86.ActiveCfg = Debug|Any CPU
		{8F00DE3F-47F8-4BDC-85D1-81E49B53E213}.Debug|x86.Build.0 = Debug|Any CPU
		{8F00DE3F-47F8-4BDC-85D1-81E49B53E213}.Release|Any CPU.ActiveCfg = Release|Any CPU
		{8F00DE3F-47F8-4BDC-85D1-81E49B53E213}.Release|Any CPU.Build.0 = Release|Any CPU
		{8F00DE3F-47F8-4BDC-85D1-81E49B53E213}.Release|x64.ActiveCfg = Release|Any CPU
		{8F00DE3F-47F8-4BDC-85D1-81E49B53E213}.Release|x64.Build.0 = Release|Any CPU
		{8F00DE3F-47F8-4BDC-85D1-81E49B53E213}.Release|x86.ActiveCfg = Release|Any CPU
		{8F00DE3F-47F8-4BDC-85D1-81E49B53E213}.Release|x86.Build.0 = Release|Any CPU
		{62297122-BA8F-4CAA-9787-B9BE1A516277}.Debug|Any CPU.ActiveCfg = Debug|Any CPU
		{62297122-BA8F-4CAA-9787-B9BE1A516277}.Debug|Any CPU.Build.0 = Debug|Any CPU
		{62297122-BA8F-4CAA-9787-B9BE1A516277}.Debug|x64.ActiveCfg = Debug|Any CPU
		{62297122-BA8F-4CAA-9787-B9BE1A516277}.Debug|x64.Build.0 = Debug|Any CPU
		{62297122-BA8F-4CAA-9787-B9BE1A516277}.Debug|x86.ActiveCfg = Debug|Any CPU
		{62297122-BA8F-4CAA-9787-B9BE1A516277}.Debug|x86.Build.0 = Debug|Any CPU
		{62297122-BA8F-4CAA-9787-B9BE1A516277}.Release|Any CPU.ActiveCfg = Release|Any CPU
		{62297122-BA8F-4CAA-9787-B9BE1A516277}.Release|Any CPU.Build.0 = Release|Any CPU
		{62297122-BA8F-4CAA-9787-B9BE1A516277}.Release|x64.ActiveCfg = Release|Any CPU
		{62297122-BA8F-4CAA-9787-B9BE1A516277}.Release|x64.Build.0 = Release|Any CPU
		{62297122-BA8F-4CAA-9787-B9BE1A516277}.Release|x86.ActiveCfg = Release|Any CPU
		{62297122-BA8F-4CAA-9787-B9BE1A516277}.Release|x86.Build.0 = Release|Any CPU
		{97BB4D8D-8621-4B08-806B-900CBE8E2AAA}.Debug|Any CPU.ActiveCfg = Debug|Any CPU
		{97BB4D8D-8621-4B08-806B-900CBE8E2AAA}.Debug|Any CPU.Build.0 = Debug|Any CPU
		{97BB4D8D-8621-4B08-806B-900CBE8E2AAA}.Debug|x64.ActiveCfg = Debug|Any CPU
		{97BB4D8D-8621-4B08-806B-900CBE8E2AAA}.Debug|x64.Build.0 = Debug|Any CPU
		{97BB4D8D-8621-4B08-806B-900CBE8E2AAA}.Debug|x86.ActiveCfg = Debug|Any CPU
		{97BB4D8D-8621-4B08-806B-900CBE8E2AAA}.Debug|x86.Build.0 = Debug|Any CPU
		{97BB4D8D-8621-4B08-806B-900CBE8E2AAA}.Release|Any CPU.ActiveCfg = Release|Any CPU
		{97BB4D8D-8621-4B08-806B-900CBE8E2AAA}.Release|Any CPU.Build.0 = Release|Any CPU
		{97BB4D8D-8621-4B08-806B-900CBE8E2AAA}.Release|x64.ActiveCfg = Release|Any CPU
		{97BB4D8D-8621-4B08-806B-900CBE8E2AAA}.Release|x64.Build.0 = Release|Any CPU
		{97BB4D8D-8621-4B08-806B-900CBE8E2AAA}.Release|x86.ActiveCfg = Release|Any CPU
		{97BB4D8D-8621-4B08-806B-900CBE8E2AAA}.Release|x86.Build.0 = Release|Any CPU
		{C3CBD21C-7CFA-449E-84F3-EE9A854A10C8}.Debug|Any CPU.ActiveCfg = Debug|Any CPU
		{C3CBD21C-7CFA-449E-84F3-EE9A854A10C8}.Debug|Any CPU.Build.0 = Debug|Any CPU
		{C3CBD21C-7CFA-449E-84F3-EE9A854A10C8}.Debug|x64.ActiveCfg = Debug|Any CPU
		{C3CBD21C-7CFA-449E-84F3-EE9A854A10C8}.Debug|x64.Build.0 = Debug|Any CPU
		{C3CBD21C-7CFA-449E-84F3-EE9A854A10C8}.Debug|x86.ActiveCfg = Debug|Any CPU
		{C3CBD21C-7CFA-449E-84F3-EE9A854A10C8}.Debug|x86.Build.0 = Debug|Any CPU
		{C3CBD21C-7CFA-449E-84F3-EE9A854A10C8}.Release|Any CPU.ActiveCfg = Release|Any CPU
		{C3CBD21C-7CFA-449E-84F3-EE9A854A10C8}.Release|Any CPU.Build.0 = Release|Any CPU
		{C3CBD21C-7CFA-449E-84F3-EE9A854A10C8}.Release|x64.ActiveCfg = Release|Any CPU
		{C3CBD21C-7CFA-449E-84F3-EE9A854A10C8}.Release|x64.Build.0 = Release|Any CPU
		{C3CBD21C-7CFA-449E-84F3-EE9A854A10C8}.Release|x86.ActiveCfg = Release|Any CPU
		{C3CBD21C-7CFA-449E-84F3-EE9A854A10C8}.Release|x86.Build.0 = Release|Any CPU
		{33D47403-7F7A-41E1-8DA7-E0B253FF5CB8}.Debug|Any CPU.ActiveCfg = Debug|Any CPU
		{33D47403-7F7A-41E1-8DA7-E0B253FF5CB8}.Debug|Any CPU.Build.0 = Debug|Any CPU
		{33D47403-7F7A-41E1-8DA7-E0B253FF5CB8}.Debug|x64.ActiveCfg = Debug|Any CPU
		{33D47403-7F7A-41E1-8DA7-E0B253FF5CB8}.Debug|x64.Build.0 = Debug|Any CPU
		{33D47403-7F7A-41E1-8DA7-E0B253FF5CB8}.Debug|x86.ActiveCfg = Debug|Any CPU
		{33D47403-7F7A-41E1-8DA7-E0B253FF5CB8}.Debug|x86.Build.0 = Debug|Any CPU
		{33D47403-7F7A-41E1-8DA7-E0B253FF5CB8}.Release|Any CPU.ActiveCfg = Release|Any CPU
		{33D47403-7F7A-41E1-8DA7-E0B253FF5CB8}.Release|Any CPU.Build.0 = Release|Any CPU
		{33D47403-7F7A-41E1-8DA7-E0B253FF5CB8}.Release|x64.ActiveCfg = Release|Any CPU
		{33D47403-7F7A-41E1-8DA7-E0B253FF5CB8}.Release|x64.Build.0 = Release|Any CPU
		{33D47403-7F7A-41E1-8DA7-E0B253FF5CB8}.Release|x86.ActiveCfg = Release|Any CPU
		{33D47403-7F7A-41E1-8DA7-E0B253FF5CB8}.Release|x86.Build.0 = Release|Any CPU
		{F135E211-A746-4E53-BAEB-AA0815C08BCC}.Debug|Any CPU.ActiveCfg = Debug|Any CPU
		{F135E211-A746-4E53-BAEB-AA0815C08BCC}.Debug|Any CPU.Build.0 = Debug|Any CPU
		{F135E211-A746-4E53-BAEB-AA0815C08BCC}.Debug|x64.ActiveCfg = Debug|Any CPU
		{F135E211-A746-4E53-BAEB-AA0815C08BCC}.Debug|x64.Build.0 = Debug|Any CPU
		{F135E211-A746-4E53-BAEB-AA0815C08BCC}.Debug|x86.ActiveCfg = Debug|Any CPU
		{F135E211-A746-4E53-BAEB-AA0815C08BCC}.Debug|x86.Build.0 = Debug|Any CPU
		{F135E211-A746-4E53-BAEB-AA0815C08BCC}.Release|Any CPU.ActiveCfg = Release|Any CPU
		{F135E211-A746-4E53-BAEB-AA0815C08BCC}.Release|Any CPU.Build.0 = Release|Any CPU
		{F135E211-A746-4E53-BAEB-AA0815C08BCC}.Release|x64.ActiveCfg = Release|Any CPU
		{F135E211-A746-4E53-BAEB-AA0815C08BCC}.Release|x64.Build.0 = Release|Any CPU
		{F135E211-A746-4E53-BAEB-AA0815C08BCC}.Release|x86.ActiveCfg = Release|Any CPU
		{F135E211-A746-4E53-BAEB-AA0815C08BCC}.Release|x86.Build.0 = Release|Any CPU
		{22900D56-D39C-45DE-9E75-A73A439F35DF}.Debug|Any CPU.ActiveCfg = Debug|Any CPU
		{22900D56-D39C-45DE-9E75-A73A439F35DF}.Debug|Any CPU.Build.0 = Debug|Any CPU
		{22900D56-D39C-45DE-9E75-A73A439F35DF}.Debug|x64.ActiveCfg = Debug|Any CPU
		{22900D56-D39C-45DE-9E75-A73A439F35DF}.Debug|x64.Build.0 = Debug|Any CPU
		{22900D56-D39C-45DE-9E75-A73A439F35DF}.Debug|x86.ActiveCfg = Debug|Any CPU
		{22900D56-D39C-45DE-9E75-A73A439F35DF}.Debug|x86.Build.0 = Debug|Any CPU
		{22900D56-D39C-45DE-9E75-A73A439F35DF}.Release|Any CPU.ActiveCfg = Release|Any CPU
		{22900D56-D39C-45DE-9E75-A73A439F35DF}.Release|Any CPU.Build.0 = Release|Any CPU
		{22900D56-D39C-45DE-9E75-A73A439F35DF}.Release|x64.ActiveCfg = Release|Any CPU
		{22900D56-D39C-45DE-9E75-A73A439F35DF}.Release|x64.Build.0 = Release|Any CPU
		{22900D56-D39C-45DE-9E75-A73A439F35DF}.Release|x86.ActiveCfg = Release|Any CPU
		{22900D56-D39C-45DE-9E75-A73A439F35DF}.Release|x86.Build.0 = Release|Any CPU
		{1871F799-B756-45C9-AC5C-4253ED991B86}.Debug|Any CPU.ActiveCfg = Debug|Any CPU
		{1871F799-B756-45C9-AC5C-4253ED991B86}.Debug|Any CPU.Build.0 = Debug|Any CPU
		{1871F799-B756-45C9-AC5C-4253ED991B86}.Debug|x64.ActiveCfg = Debug|Any CPU
		{1871F799-B756-45C9-AC5C-4253ED991B86}.Debug|x64.Build.0 = Debug|Any CPU
		{1871F799-B756-45C9-AC5C-4253ED991B86}.Debug|x86.ActiveCfg = Debug|Any CPU
		{1871F799-B756-45C9-AC5C-4253ED991B86}.Debug|x86.Build.0 = Debug|Any CPU
		{1871F799-B756-45C9-AC5C-4253ED991B86}.Release|Any CPU.ActiveCfg = Release|Any CPU
		{1871F799-B756-45C9-AC5C-4253ED991B86}.Release|Any CPU.Build.0 = Release|Any CPU
		{1871F799-B756-45C9-AC5C-4253ED991B86}.Release|x64.ActiveCfg = Release|Any CPU
		{1871F799-B756-45C9-AC5C-4253ED991B86}.Release|x64.Build.0 = Release|Any CPU
		{1871F799-B756-45C9-AC5C-4253ED991B86}.Release|x86.ActiveCfg = Release|Any CPU
		{1871F799-B756-45C9-AC5C-4253ED991B86}.Release|x86.Build.0 = Release|Any CPU
		{0244BA74-37C9-4FBE-848A-48FCFDD9E3EC}.Debug|Any CPU.ActiveCfg = Debug|Any CPU
		{0244BA74-37C9-4FBE-848A-48FCFDD9E3EC}.Debug|Any CPU.Build.0 = Debug|Any CPU
		{0244BA74-37C9-4FBE-848A-48FCFDD9E3EC}.Debug|x64.ActiveCfg = Debug|Any CPU
		{0244BA74-37C9-4FBE-848A-48FCFDD9E3EC}.Debug|x64.Build.0 = Debug|Any CPU
		{0244BA74-37C9-4FBE-848A-48FCFDD9E3EC}.Debug|x86.ActiveCfg = Debug|Any CPU
		{0244BA74-37C9-4FBE-848A-48FCFDD9E3EC}.Debug|x86.Build.0 = Debug|Any CPU
		{0244BA74-37C9-4FBE-848A-48FCFDD9E3EC}.Release|Any CPU.ActiveCfg = Release|Any CPU
		{0244BA74-37C9-4FBE-848A-48FCFDD9E3EC}.Release|Any CPU.Build.0 = Release|Any CPU
		{0244BA74-37C9-4FBE-848A-48FCFDD9E3EC}.Release|x64.ActiveCfg = Release|Any CPU
		{0244BA74-37C9-4FBE-848A-48FCFDD9E3EC}.Release|x64.Build.0 = Release|Any CPU
		{0244BA74-37C9-4FBE-848A-48FCFDD9E3EC}.Release|x86.ActiveCfg = Release|Any CPU
		{0244BA74-37C9-4FBE-848A-48FCFDD9E3EC}.Release|x86.Build.0 = Release|Any CPU
		{C9BAB043-D55C-418C-87AF-C465645514E1}.Debug|Any CPU.ActiveCfg = Debug|Any CPU
		{C9BAB043-D55C-418C-87AF-C465645514E1}.Debug|Any CPU.Build.0 = Debug|Any CPU
		{C9BAB043-D55C-418C-87AF-C465645514E1}.Debug|x64.ActiveCfg = Debug|Any CPU
		{C9BAB043-D55C-418C-87AF-C465645514E1}.Debug|x64.Build.0 = Debug|Any CPU
		{C9BAB043-D55C-418C-87AF-C465645514E1}.Debug|x86.ActiveCfg = Debug|Any CPU
		{C9BAB043-D55C-418C-87AF-C465645514E1}.Debug|x86.Build.0 = Debug|Any CPU
		{C9BAB043-D55C-418C-87AF-C465645514E1}.Release|Any CPU.ActiveCfg = Release|Any CPU
		{C9BAB043-D55C-418C-87AF-C465645514E1}.Release|Any CPU.Build.0 = Release|Any CPU
		{C9BAB043-D55C-418C-87AF-C465645514E1}.Release|x64.ActiveCfg = Release|Any CPU
		{C9BAB043-D55C-418C-87AF-C465645514E1}.Release|x64.Build.0 = Release|Any CPU
		{C9BAB043-D55C-418C-87AF-C465645514E1}.Release|x86.ActiveCfg = Release|Any CPU
		{C9BAB043-D55C-418C-87AF-C465645514E1}.Release|x86.Build.0 = Release|Any CPU
		{EA09F1B5-074C-4B0B-8194-3F34BCE962CE}.Debug|Any CPU.ActiveCfg = Debug|Any CPU
		{EA09F1B5-074C-4B0B-8194-3F34BCE962CE}.Debug|Any CPU.Build.0 = Debug|Any CPU
		{EA09F1B5-074C-4B0B-8194-3F34BCE962CE}.Debug|x64.ActiveCfg = Debug|Any CPU
		{EA09F1B5-074C-4B0B-8194-3F34BCE962CE}.Debug|x64.Build.0 = Debug|Any CPU
		{EA09F1B5-074C-4B0B-8194-3F34BCE962CE}.Debug|x86.ActiveCfg = Debug|Any CPU
		{EA09F1B5-074C-4B0B-8194-3F34BCE962CE}.Debug|x86.Build.0 = Debug|Any CPU
		{EA09F1B5-074C-4B0B-8194-3F34BCE962CE}.Release|Any CPU.ActiveCfg = Release|Any CPU
		{EA09F1B5-074C-4B0B-8194-3F34BCE962CE}.Release|Any CPU.Build.0 = Release|Any CPU
		{EA09F1B5-074C-4B0B-8194-3F34BCE962CE}.Release|x64.ActiveCfg = Release|Any CPU
		{EA09F1B5-074C-4B0B-8194-3F34BCE962CE}.Release|x64.Build.0 = Release|Any CPU
		{EA09F1B5-074C-4B0B-8194-3F34BCE962CE}.Release|x86.ActiveCfg = Release|Any CPU
		{EA09F1B5-074C-4B0B-8194-3F34BCE962CE}.Release|x86.Build.0 = Release|Any CPU
	EndGlobalSection
	GlobalSection(SolutionProperties) = preSolution
		HideSolutionNode = FALSE
	EndGlobalSection
	GlobalSection(ExtensibilityGlobals) = postSolution
		SolutionGuid = {99A0917A-B666-476D-84FF-C3A3FBE804B1}
	EndGlobalSection
EndGlobal
